
Microsoft Visual Studio Solution File, Format Version 12.00
# Visual Studio Version 17
VisualStudioVersion = 17.9.34723.18
MinimumVisualStudioVersion = 10.0.40219.1
Project("{FAE04EC0-301F-11D3-BF4B-00C04F79EFBC}") = "Survey_Form", "Survey_Form\Survey_Form.csproj", "{0AE56DDA-7D57-455E-81C0-16C091DF28AB}"
EndProject
Global
	GlobalSection(SolutionConfigurationPlatforms) = preSolution
		Debug|Any CPU = Debug|Any CPU
		Release|Any CPU = Release|Any CPU
	EndGlobalSection
	GlobalSection(ProjectConfigurationPlatforms) = postSolution
		{0AE56DDA-7D57-455E-81C0-16C091DF28AB}.Debug|Any CPU.ActiveCfg = Debug|Any CPU
		{0AE56DDA-7D57-455E-81C0-16C091DF28AB}.Debug|Any CPU.Build.0 = Debug|Any CPU
		{0AE56DDA-7D57-455E-81C0-16C091DF28AB}.Release|Any CPU.ActiveCfg = Release|Any CPU
		{0AE56DDA-7D57-455E-81C0-16C091DF28AB}.Release|Any CPU.Build.0 = Release|Any CPU
	EndGlobalSection
	GlobalSection(SolutionProperties) = preSolution
		HideSolutionNode = FALSE
	EndGlobalSection
	GlobalSection(ExtensibilityGlobals) = postSolution
		SolutionGuid = {AA098F1C-4B72-4D9F-9292-8887BBCCFD37}
	EndGlobalSection
EndGlobal
